// !$*UTF8*$!
{
	archiveVersion = 1;
	classes = {
	};
	objectVersion = 46;
	objects = {

/* Begin PBXBuildFile section */
		85069CC31E4E47CB0007A352 /* ghost.png in Resources */ = {isa = PBXBuildFile; fileRef = 85069CC21E4E47CB0007A352 /* ghost.png */; };
		856FF0871E4CDBE70071F21C /* AppDelegate.swift in Sources */ = {isa = PBXBuildFile; fileRef = 856FF0861E4CDBE70071F21C /* AppDelegate.swift */; };
		856FF0891E4CDBE70071F21C /* ViewController.swift in Sources */ = {isa = PBXBuildFile; fileRef = 856FF0881E4CDBE70071F21C /* ViewController.swift */; };
		856FF08C1E4CDBE70071F21C /* Main.storyboard in Resources */ = {isa = PBXBuildFile; fileRef = 856FF08A1E4CDBE70071F21C /* Main.storyboard */; };
		856FF08E1E4CDBE70071F21C /* Assets.xcassets in Resources */ = {isa = PBXBuildFile; fileRef = 856FF08D1E4CDBE70071F21C /* Assets.xcassets */; };
		856FF0911E4CDBE70071F21C /* LaunchScreen.storyboard in Resources */ = {isa = PBXBuildFile; fileRef = 856FF08F1E4CDBE70071F21C /* LaunchScreen.storyboard */; };
		856FF09C1E4CDBE70071F21C /* Diminutas_HistoriasTests.swift in Sources */ = {isa = PBXBuildFile; fileRef = 856FF09B1E4CDBE70071F21C /* Diminutas_HistoriasTests.swift */; };
		856FF0A71E4CDBE70071F21C /* Diminutas_HistoriasUITests.swift in Sources */ = {isa = PBXBuildFile; fileRef = 856FF0A61E4CDBE70071F21C /* Diminutas_HistoriasUITests.swift */; };
		9828F1B91E4F184600AD7218 /* navegacion.swift in Sources */ = {isa = PBXBuildFile; fileRef = 9828F1B81E4F184600AD7218 /* navegacion.swift */; };
		985EA10E1E522D4700ED8093 /* Dialogo 1.mp3 in Resources */ = {isa = PBXBuildFile; fileRef = 985EA1021E522D4700ED8093 /* Dialogo 1.mp3 */; };
		985EA10F1E522D4700ED8093 /* Dialogo 2.mp3 in Resources */ = {isa = PBXBuildFile; fileRef = 985EA1031E522D4700ED8093 /* Dialogo 2.mp3 */; };
		985EA1101E522D4700ED8093 /* Dialogo 3.mp3 in Resources */ = {isa = PBXBuildFile; fileRef = 985EA1041E522D4700ED8093 /* Dialogo 3.mp3 */; };
		985EA1111E522D4700ED8093 /* Dialogo 4.mp3 in Resources */ = {isa = PBXBuildFile; fileRef = 985EA1051E522D4700ED8093 /* Dialogo 4.mp3 */; };
		985EA1121E522D4700ED8093 /* Dialogo 5.mp3 in Resources */ = {isa = PBXBuildFile; fileRef = 985EA1061E522D4700ED8093 /* Dialogo 5.mp3 */; };
		985EA1131E522D4700ED8093 /* Dialogo 6.mp3 in Resources */ = {isa = PBXBuildFile; fileRef = 985EA1071E522D4700ED8093 /* Dialogo 6.mp3 */; };
		985EA1141E522D4700ED8093 /* Dialogo 7.mp3 in Resources */ = {isa = PBXBuildFile; fileRef = 985EA1081E522D4700ED8093 /* Dialogo 7.mp3 */; };
		985EA1151E522D4700ED8093 /* Dialogo 8.mp3 in Resources */ = {isa = PBXBuildFile; fileRef = 985EA1091E522D4700ED8093 /* Dialogo 8.mp3 */; };
		985EA1161E522D4700ED8093 /* Dialogo 9.mp3 in Resources */ = {isa = PBXBuildFile; fileRef = 985EA10A1E522D4700ED8093 /* Dialogo 9.mp3 */; };
		985EA1171E522D4700ED8093 /* Dialogo 10.mp3 in Resources */ = {isa = PBXBuildFile; fileRef = 985EA10B1E522D4700ED8093 /* Dialogo 10.mp3 */; };
		985EA1181E522D4700ED8093 /* Dialogo 11.mp3 in Resources */ = {isa = PBXBuildFile; fileRef = 985EA10C1E522D4700ED8093 /* Dialogo 11.mp3 */; };
		985EA1191E522D4700ED8093 /* Titulo.mp3 in Resources */ = {isa = PBXBuildFile; fileRef = 985EA10D1E522D4700ED8093 /* Titulo.mp3 */; };
		985EA11B1E522F3E00ED8093 /* piano.mp3 in Resources */ = {isa = PBXBuildFile; fileRef = 985EA11A1E522F3E00ED8093 /* piano.mp3 */; };
		98A319F61E50491000278A1E /* Hensa.otf in Resources */ = {isa = PBXBuildFile; fileRef = 98A319F51E50491000278A1E /* Hensa.otf */; };
		98A319F81E504B7900278A1E /* olivier_demo.ttf in Resources */ = {isa = PBXBuildFile; fileRef = 98A319F71E504B7900278A1E /* olivier_demo.ttf */; };
/* End PBXBuildFile section */

/* Begin PBXContainerItemProxy section */
		856FF0981E4CDBE70071F21C /* PBXContainerItemProxy */ = {
			isa = PBXContainerItemProxy;
			containerPortal = 856FF07B1E4CDBE70071F21C /* Project object */;
			proxyType = 1;
			remoteGlobalIDString = 856FF0821E4CDBE70071F21C;
			remoteInfo = "Diminutas Historias";
		};
		856FF0A31E4CDBE70071F21C /* PBXContainerItemProxy */ = {
			isa = PBXContainerItemProxy;
			containerPortal = 856FF07B1E4CDBE70071F21C /* Project object */;
			proxyType = 1;
			remoteGlobalIDString = 856FF0821E4CDBE70071F21C;
			remoteInfo = "Diminutas Historias";
		};
/* End PBXContainerItemProxy section */

/* Begin PBXFileReference section */
		85069CC21E4E47CB0007A352 /* ghost.png */ = {isa = PBXFileReference; lastKnownFileType = image.png; path = ghost.png; sourceTree = "<group>"; };
		856FF0861E4CDBE70071F21C /* AppDelegate.swift */ = {isa = PBXFileReference; lastKnownFileType = sourcecode.swift; path = AppDelegate.swift; sourceTree = "<group>"; };
		856FF0881E4CDBE70071F21C /* ViewController.swift */ = {isa = PBXFileReference; lastKnownFileType = sourcecode.swift; path = ViewController.swift; sourceTree = "<group>"; };
		856FF08B1E4CDBE70071F21C /* Base */ = {isa = PBXFileReference; lastKnownFileType = file.storyboard; name = Base; path = Base.lproj/Main.storyboard; sourceTree = "<group>"; };
		856FF08D1E4CDBE70071F21C /* Assets.xcassets */ = {isa = PBXFileReference; lastKnownFileType = folder.assetcatalog; path = Assets.xcassets; sourceTree = "<group>"; };
		856FF0901E4CDBE70071F21C /* Base */ = {isa = PBXFileReference; lastKnownFileType = file.storyboard; name = Base; path = Base.lproj/LaunchScreen.storyboard; sourceTree = "<group>"; };
		856FF0921E4CDBE70071F21C /* Info.plist */ = {isa = PBXFileReference; lastKnownFileType = text.plist.xml; path = Info.plist; sourceTree = "<group>"; };
		856FF09B1E4CDBE70071F21C /* Diminutas_HistoriasTests.swift */ = {isa = PBXFileReference; lastKnownFileType = sourcecode.swift; path = Diminutas_HistoriasTests.swift; sourceTree = "<group>"; };
		856FF09D1E4CDBE70071F21C /* Info.plist */ = {isa = PBXFileReference; lastKnownFileType = text.plist.xml; path = Info.plist; sourceTree = "<group>"; };
		856FF0A61E4CDBE70071F21C /* Diminutas_HistoriasUITests.swift */ = {isa = PBXFileReference; lastKnownFileType = sourcecode.swift; path = Diminutas_HistoriasUITests.swift; sourceTree = "<group>"; };
		856FF0A81E4CDBE70071F21C /* Info.plist */ = {isa = PBXFileReference; lastKnownFileType = text.plist.xml; path = Info.plist; sourceTree = "<group>"; };
		9828F1B81E4F184600AD7218 /* navegacion.swift */ = {isa = PBXFileReference; fileEncoding = 4; lastKnownFileType = sourcecode.swift; name = navegacion.swift; path = ../navegacion.swift; sourceTree = "<group>"; };
		9841B4C61E517E9A0094BE2A /* Diminutas Historias.app */ = {isa = PBXFileReference; explicitFileType = wrapper.application; includeInIndex = 0; path = "Diminutas Historias.app"; sourceTree = BUILT_PRODUCTS_DIR; };
		9841B4C71E517E9A0094BE2A /* Diminutas HistoriasTests.xctest */ = {isa = PBXFileReference; explicitFileType = wrapper.cfbundle; includeInIndex = 0; path = "Diminutas HistoriasTests.xctest"; sourceTree = BUILT_PRODUCTS_DIR; };
		9841B4C81E517E9A0094BE2A /* Diminutas HistoriasUITests.xctest */ = {isa = PBXFileReference; explicitFileType = wrapper.cfbundle; includeInIndex = 0; path = "Diminutas HistoriasUITests.xctest"; sourceTree = BUILT_PRODUCTS_DIR; };
		985EA1021E522D4700ED8093 /* Dialogo 1.mp3 */ = {isa = PBXFileReference; lastKnownFileType = audio.mp3; path = "Dialogo 1.mp3"; sourceTree = "<group>"; };
		985EA1031E522D4700ED8093 /* Dialogo 2.mp3 */ = {isa = PBXFileReference; lastKnownFileType = audio.mp3; path = "Dialogo 2.mp3"; sourceTree = "<group>"; };
		985EA1041E522D4700ED8093 /* Dialogo 3.mp3 */ = {isa = PBXFileReference; lastKnownFileType = audio.mp3; path = "Dialogo 3.mp3"; sourceTree = "<group>"; };
		985EA1051E522D4700ED8093 /* Dialogo 4.mp3 */ = {isa = PBXFileReference; lastKnownFileType = audio.mp3; path = "Dialogo 4.mp3"; sourceTree = "<group>"; };
		985EA1061E522D4700ED8093 /* Dialogo 5.mp3 */ = {isa = PBXFileReference; lastKnownFileType = audio.mp3; path = "Dialogo 5.mp3"; sourceTree = "<group>"; };
		985EA1071E522D4700ED8093 /* Dialogo 6.mp3 */ = {isa = PBXFileReference; lastKnownFileType = audio.mp3; path = "Dialogo 6.mp3"; sourceTree = "<group>"; };
		985EA1081E522D4700ED8093 /* Dialogo 7.mp3 */ = {isa = PBXFileReference; lastKnownFileType = audio.mp3; path = "Dialogo 7.mp3"; sourceTree = "<group>"; };
		985EA1091E522D4700ED8093 /* Dialogo 8.mp3 */ = {isa = PBXFileReference; lastKnownFileType = audio.mp3; path = "Dialogo 8.mp3"; sourceTree = "<group>"; };
		985EA10A1E522D4700ED8093 /* Dialogo 9.mp3 */ = {isa = PBXFileReference; lastKnownFileType = audio.mp3; path = "Dialogo 9.mp3"; sourceTree = "<group>"; };
		985EA10B1E522D4700ED8093 /* Dialogo 10.mp3 */ = {isa = PBXFileReference; lastKnownFileType = audio.mp3; path = "Dialogo 10.mp3"; sourceTree = "<group>"; };
		985EA10C1E522D4700ED8093 /* Dialogo 11.mp3 */ = {isa = PBXFileReference; lastKnownFileType = audio.mp3; path = "Dialogo 11.mp3"; sourceTree = "<group>"; };
		985EA10D1E522D4700ED8093 /* Titulo.mp3 */ = {isa = PBXFileReference; lastKnownFileType = audio.mp3; path = Titulo.mp3; sourceTree = "<group>"; };
		985EA11A1E522F3E00ED8093 /* piano.mp3 */ = {isa = PBXFileReference; lastKnownFileType = audio.mp3; path = piano.mp3; sourceTree = "<group>"; };
		98A319F51E50491000278A1E /* Hensa.otf */ = {isa = PBXFileReference; lastKnownFileType = file; path = Hensa.otf; sourceTree = "<group>"; };
		98A319F71E504B7900278A1E /* olivier_demo.ttf */ = {isa = PBXFileReference; lastKnownFileType = file; path = olivier_demo.ttf; sourceTree = "<group>"; };
/* End PBXFileReference section */

/* Begin PBXFrameworksBuildPhase section */
		856FF0801E4CDBE70071F21C /* Frameworks */ = {
			isa = PBXFrameworksBuildPhase;
			buildActionMask = 2147483647;
			files = (
			);
			runOnlyForDeploymentPostprocessing = 0;
		};
		856FF0941E4CDBE70071F21C /* Frameworks */ = {
			isa = PBXFrameworksBuildPhase;
			buildActionMask = 2147483647;
			files = (
			);
			runOnlyForDeploymentPostprocessing = 0;
		};
		856FF09F1E4CDBE70071F21C /* Frameworks */ = {
			isa = PBXFrameworksBuildPhase;
			buildActionMask = 2147483647;
			files = (
			);
			runOnlyForDeploymentPostprocessing = 0;
		};
/* End PBXFrameworksBuildPhase section */

/* Begin PBXGroup section */
		856FF07A1E4CDBE70071F21C = {
			isa = PBXGroup;
			children = (
				985EA1021E522D4700ED8093 /* Dialogo 1.mp3 */,
				985EA1031E522D4700ED8093 /* Dialogo 2.mp3 */,
				985EA1041E522D4700ED8093 /* Dialogo 3.mp3 */,
				985EA1051E522D4700ED8093 /* Dialogo 4.mp3 */,
				985EA1061E522D4700ED8093 /* Dialogo 5.mp3 */,
				985EA1071E522D4700ED8093 /* Dialogo 6.mp3 */,
				985EA1081E522D4700ED8093 /* Dialogo 7.mp3 */,
				985EA1091E522D4700ED8093 /* Dialogo 8.mp3 */,
				985EA10A1E522D4700ED8093 /* Dialogo 9.mp3 */,
				985EA10B1E522D4700ED8093 /* Dialogo 10.mp3 */,
				985EA10C1E522D4700ED8093 /* Dialogo 11.mp3 */,
				985EA10D1E522D4700ED8093 /* Titulo.mp3 */,
				985EA11A1E522F3E00ED8093 /* piano.mp3 */,
				856FF0851E4CDBE70071F21C /* Diminutas Historias */,
				856FF09A1E4CDBE70071F21C /* Diminutas HistoriasTests */,
				856FF0A51E4CDBE70071F21C /* Diminutas HistoriasUITests */,
				85069CC21E4E47CB0007A352 /* ghost.png */,
				9841B4C61E517E9A0094BE2A /* Diminutas Historias.app */,
				9841B4C71E517E9A0094BE2A /* Diminutas HistoriasTests.xctest */,
				9841B4C81E517E9A0094BE2A /* Diminutas HistoriasUITests.xctest */,
			);
			sourceTree = "<group>";
		};
		856FF0851E4CDBE70071F21C /* Diminutas Historias */ = {
			isa = PBXGroup;
			children = (
				98A319F71E504B7900278A1E /* olivier_demo.ttf */,
				98A319F51E50491000278A1E /* Hensa.otf */,
				856FF0861E4CDBE70071F21C /* AppDelegate.swift */,
				9828F1B81E4F184600AD7218 /* navegacion.swift */,
				856FF0881E4CDBE70071F21C /* ViewController.swift */,
				856FF08A1E4CDBE70071F21C /* Main.storyboard */,
				856FF08D1E4CDBE70071F21C /* Assets.xcassets */,
				856FF08F1E4CDBE70071F21C /* LaunchScreen.storyboard */,
				856FF0921E4CDBE70071F21C /* Info.plist */,
				98A319DC1E50244E00278A1E /* Audio */,
			);
			path = "Diminutas Historias";
			sourceTree = "<group>";
		};
		856FF09A1E4CDBE70071F21C /* Diminutas HistoriasTests */ = {
			isa = PBXGroup;
			children = (
				856FF09B1E4CDBE70071F21C /* Diminutas_HistoriasTests.swift */,
				856FF09D1E4CDBE70071F21C /* Info.plist */,
			);
			path = "Diminutas HistoriasTests";
			sourceTree = "<group>";
		};
		856FF0A51E4CDBE70071F21C /* Diminutas HistoriasUITests */ = {
			isa = PBXGroup;
			children = (
				856FF0A61E4CDBE70071F21C /* Diminutas_HistoriasUITests.swift */,
				856FF0A81E4CDBE70071F21C /* Info.plist */,
			);
			path = "Diminutas HistoriasUITests";
			sourceTree = "<group>";
		};
		98A319DC1E50244E00278A1E /* Audio */ = {
			isa = PBXGroup;
			children = (
			);
			name = Audio;
			path = ..;
			sourceTree = "<group>";
		};
/* End PBXGroup section */

/* Begin PBXNativeTarget section */
		856FF0821E4CDBE70071F21C /* Diminutas Historias */ = {
			isa = PBXNativeTarget;
			buildConfigurationList = 856FF0AB1E4CDBE70071F21C /* Build configuration list for PBXNativeTarget "Diminutas Historias" */;
			buildPhases = (
				856FF07F1E4CDBE70071F21C /* Sources */,
				856FF0801E4CDBE70071F21C /* Frameworks */,
				856FF0811E4CDBE70071F21C /* Resources */,
			);
			buildRules = (
			);
			dependencies = (
			);
			name = "Diminutas Historias";
			productName = "Diminutas Historias";
			productReference = 9841B4C61E517E9A0094BE2A /* Diminutas Historias.app */;
			productType = "com.apple.product-type.application";
		};
		856FF0961E4CDBE70071F21C /* Diminutas HistoriasTests */ = {
			isa = PBXNativeTarget;
			buildConfigurationList = 856FF0AE1E4CDBE70071F21C /* Build configuration list for PBXNativeTarget "Diminutas HistoriasTests" */;
			buildPhases = (
				856FF0931E4CDBE70071F21C /* Sources */,
				856FF0941E4CDBE70071F21C /* Frameworks */,
				856FF0951E4CDBE70071F21C /* Resources */,
			);
			buildRules = (
			);
			dependencies = (
				856FF0991E4CDBE70071F21C /* PBXTargetDependency */,
			);
			name = "Diminutas HistoriasTests";
			productName = "Diminutas HistoriasTests";
			productReference = 9841B4C71E517E9A0094BE2A /* Diminutas HistoriasTests.xctest */;
			productType = "com.apple.product-type.bundle.unit-test";
		};
		856FF0A11E4CDBE70071F21C /* Diminutas HistoriasUITests */ = {
			isa = PBXNativeTarget;
			buildConfigurationList = 856FF0B11E4CDBE70071F21C /* Build configuration list for PBXNativeTarget "Diminutas HistoriasUITests" */;
			buildPhases = (
				856FF09E1E4CDBE70071F21C /* Sources */,
				856FF09F1E4CDBE70071F21C /* Frameworks */,
				856FF0A01E4CDBE70071F21C /* Resources */,
			);
			buildRules = (
			);
			dependencies = (
				856FF0A41E4CDBE70071F21C /* PBXTargetDependency */,
			);
			name = "Diminutas HistoriasUITests";
			productName = "Diminutas HistoriasUITests";
			productReference = 9841B4C81E517E9A0094BE2A /* Diminutas HistoriasUITests.xctest */;
			productType = "com.apple.product-type.bundle.ui-testing";
		};
/* End PBXNativeTarget section */

/* Begin PBXProject section */
		856FF07B1E4CDBE70071F21C /* Project object */ = {
			isa = PBXProject;
			attributes = {
				LastSwiftUpdateCheck = 0730;
				LastUpgradeCheck = 0730;
				ORGANIZATIONNAME = DreamTeamCo;
				TargetAttributes = {
					856FF0821E4CDBE70071F21C = {
						CreatedOnToolsVersion = 7.3.1;
					};
					856FF0961E4CDBE70071F21C = {
						CreatedOnToolsVersion = 7.3.1;
						TestTargetID = 856FF0821E4CDBE70071F21C;
					};
					856FF0A11E4CDBE70071F21C = {
						CreatedOnToolsVersion = 7.3.1;
						TestTargetID = 856FF0821E4CDBE70071F21C;
					};
				};
			};
			buildConfigurationList = 856FF07E1E4CDBE70071F21C /* Build configuration list for PBXProject "Diminutas Historias" */;
			compatibilityVersion = "Xcode 3.2";
			developmentRegion = English;
			hasScannedForEncodings = 0;
			knownRegions = (
				en,
				Base,
			);
			mainGroup = 856FF07A1E4CDBE70071F21C;
			productRefGroup = 856FF07A1E4CDBE70071F21C;
			projectDirPath = "";
			projectRoot = "";
			targets = (
				856FF0821E4CDBE70071F21C /* Diminutas Historias */,
				856FF0961E4CDBE70071F21C /* Diminutas HistoriasTests */,
				856FF0A11E4CDBE70071F21C /* Diminutas HistoriasUITests */,
			);
		};
/* End PBXProject section */

/* Begin PBXResourcesBuildPhase section */
		856FF0811E4CDBE70071F21C /* Resources */ = {
			isa = PBXResourcesBuildPhase;
			buildActionMask = 2147483647;
			files = (
				985EA1151E522D4700ED8093 /* Dialogo 8.mp3 in Resources */,
				985EA10E1E522D4700ED8093 /* Dialogo 1.mp3 in Resources */,
				856FF0911E4CDBE70071F21C /* LaunchScreen.storyboard in Resources */,
				985EA1191E522D4700ED8093 /* Titulo.mp3 in Resources */,
				85069CC31E4E47CB0007A352 /* ghost.png in Resources */,
				98A319F81E504B7900278A1E /* olivier_demo.ttf in Resources */,
				985EA1121E522D4700ED8093 /* Dialogo 5.mp3 in Resources */,
				985EA1111E522D4700ED8093 /* Dialogo 4.mp3 in Resources */,
				985EA10F1E522D4700ED8093 /* Dialogo 2.mp3 in Resources */,
				985EA1101E522D4700ED8093 /* Dialogo 3.mp3 in Resources */,
				985EA1131E522D4700ED8093 /* Dialogo 6.mp3 in Resources */,
				98A319F61E50491000278A1E /* Hensa.otf in Resources */,
				856FF08E1E4CDBE70071F21C /* Assets.xcassets in Resources */,
				985EA11B1E522F3E00ED8093 /* piano.mp3 in Resources */,
				985EA1171E522D4700ED8093 /* Dialogo 10.mp3 in Resources */,
				856FF08C1E4CDBE70071F21C /* Main.storyboard in Resources */,
				985EA1141E522D4700ED8093 /* Dialogo 7.mp3 in Resources */,
				985EA1181E522D4700ED8093 /* Dialogo 11.mp3 in Resources */,
				985EA1161E522D4700ED8093 /* Dialogo 9.mp3 in Resources */,
			);
			runOnlyForDeploymentPostprocessing = 0;
		};
		856FF0951E4CDBE70071F21C /* Resources */ = {
			isa = PBXResourcesBuildPhase;
			buildActionMask = 2147483647;
			files = (
			);
			runOnlyForDeploymentPostprocessing = 0;
		};
		856FF0A01E4CDBE70071F21C /* Resources */ = {
			isa = PBXResourcesBuildPhase;
			buildActionMask = 2147483647;
			files = (
			);
			runOnlyForDeploymentPostprocessing = 0;
		};
/* End PBXResourcesBuildPhase section */

/* Begin PBXSourcesBuildPhase section */
		856FF07F1E4CDBE70071F21C /* Sources */ = {
			isa = PBXSourcesBuildPhase;
			buildActionMask = 2147483647;
			files = (
				856FF0891E4CDBE70071F21C /* ViewController.swift in Sources */,
				856FF0871E4CDBE70071F21C /* AppDelegate.swift in Sources */,
				9828F1B91E4F184600AD7218 /* navegacion.swift in Sources */,
			);
			runOnlyForDeploymentPostprocessing = 0;
		};
		856FF0931E4CDBE70071F21C /* Sources */ = {
			isa = PBXSourcesBuildPhase;
			buildActionMask = 2147483647;
			files = (
				856FF09C1E4CDBE70071F21C /* Diminutas_HistoriasTests.swift in Sources */,
			);
			runOnlyForDeploymentPostprocessing = 0;
		};
		856FF09E1E4CDBE70071F21C /* Sources */ = {
			isa = PBXSourcesBuildPhase;
			buildActionMask = 2147483647;
			files = (
				856FF0A71E4CDBE70071F21C /* Diminutas_HistoriasUITests.swift in Sources */,
			);
			runOnlyForDeploymentPostprocessing = 0;
		};
/* End PBXSourcesBuildPhase section */

/* Begin PBXTargetDependency section */
		856FF0991E4CDBE70071F21C /* PBXTargetDependency */ = {
			isa = PBXTargetDependency;
			target = 856FF0821E4CDBE70071F21C /* Diminutas Historias */;
			targetProxy = 856FF0981E4CDBE70071F21C /* PBXContainerItemProxy */;
		};
		856FF0A41E4CDBE70071F21C /* PBXTargetDependency */ = {
			isa = PBXTargetDependency;
			target = 856FF0821E4CDBE70071F21C /* Diminutas Historias */;
			targetProxy = 856FF0A31E4CDBE70071F21C /* PBXContainerItemProxy */;
		};
/* End PBXTargetDependency section */

/* Begin PBXVariantGroup section */
		856FF08A1E4CDBE70071F21C /* Main.storyboard */ = {
			isa = PBXVariantGroup;
			children = (
				856FF08B1E4CDBE70071F21C /* Base */,
			);
			name = Main.storyboard;
			sourceTree = "<group>";
		};
		856FF08F1E4CDBE70071F21C /* LaunchScreen.storyboard */ = {
			isa = PBXVariantGroup;
			children = (
				856FF0901E4CDBE70071F21C /* Base */,
			);
			name = LaunchScreen.storyboard;
			sourceTree = "<group>";
		};
/* End PBXVariantGroup section */

/* Begin XCBuildConfiguration section */
		856FF0A91E4CDBE70071F21C /* Debug */ = {
			isa = XCBuildConfiguration;
			buildSettings = {
				ALWAYS_SEARCH_USER_PATHS = NO;
				CLANG_ANALYZER_NONNULL = YES;
				CLANG_CXX_LANGUAGE_STANDARD = "gnu++0x";
				CLANG_CXX_LIBRARY = "libc++";
				CLANG_ENABLE_MODULES = YES;
				CLANG_ENABLE_OBJC_ARC = YES;
				CLANG_WARN_BOOL_CONVERSION = YES;
				CLANG_WARN_CONSTANT_CONVERSION = YES;
				CLANG_WARN_DIRECT_OBJC_ISA_USAGE = YES_ERROR;
				CLANG_WARN_EMPTY_BODY = YES;
				CLANG_WARN_ENUM_CONVERSION = YES;
				CLANG_WARN_INT_CONVERSION = YES;
				CLANG_WARN_OBJC_ROOT_CLASS = YES_ERROR;
				CLANG_WARN_UNREACHABLE_CODE = YES;
				CLANG_WARN__DUPLICATE_METHOD_MATCH = YES;
				"CODE_SIGN_IDENTITY[sdk=iphoneos*]" = "iPhone Developer";
				COPY_PHASE_STRIP = NO;
				DEBUG_INFORMATION_FORMAT = dwarf;
				ENABLE_STRICT_OBJC_MSGSEND = YES;
				ENABLE_TESTABILITY = YES;
				GCC_C_LANGUAGE_STANDARD = gnu99;
				GCC_DYNAMIC_NO_PIC = NO;
				GCC_NO_COMMON_BLOCKS = YES;
				GCC_OPTIMIZATION_LEVEL = 0;
				GCC_PREPROCESSOR_DEFINITIONS = (
					"DEBUG=1",
					"$(inherited)",
				);
				GCC_WARN_64_TO_32_BIT_CONVERSION = YES;
				GCC_WARN_ABOUT_RETURN_TYPE = YES_ERROR;
				GCC_WARN_UNDECLARED_SELECTOR = YES;
				GCC_WARN_UNINITIALIZED_AUTOS = YES_AGGRESSIVE;
				GCC_WARN_UNUSED_FUNCTION = YES;
				GCC_WARN_UNUSED_VARIABLE = YES;
				IPHONEOS_DEPLOYMENT_TARGET = 9.3;
				MTL_ENABLE_DEBUG_INFO = YES;
				ONLY_ACTIVE_ARCH = YES;
				SDKROOT = iphoneos;
				SWIFT_OPTIMIZATION_LEVEL = "-Onone";
				TARGETED_DEVICE_FAMILY = "1,2";
			};
			name = Debug;
		};
		856FF0AA1E4CDBE70071F21C /* Release */ = {
			isa = XCBuildConfiguration;
			buildSettings = {
				ALWAYS_SEARCH_USER_PATHS = NO;
				CLANG_ANALYZER_NONNULL = YES;
				CLANG_CXX_LANGUAGE_STANDARD = "gnu++0x";
				CLANG_CXX_LIBRARY = "libc++";
				CLANG_ENABLE_MODULES = YES;
				CLANG_ENABLE_OBJC_ARC = YES;
				CLANG_WARN_BOOL_CONVERSION = YES;
				CLANG_WARN_CONSTANT_CONVERSION = YES;
				CLANG_WARN_DIRECT_OBJC_ISA_USAGE = YES_ERROR;
				CLANG_WARN_EMPTY_BODY = YES;
				CLANG_WARN_ENUM_CONVERSION = YES;
				CLANG_WARN_INT_CONVERSION = YES;
				CLANG_WARN_OBJC_ROOT_CLASS = YES_ERROR;
				CLANG_WARN_UNREACHABLE_CODE = YES;
				CLANG_WARN__DUPLICATE_METHOD_MATCH = YES;
				"CODE_SIGN_IDENTITY[sdk=iphoneos*]" = "iPhone Developer";
				COPY_PHASE_STRIP = NO;
				DEBUG_INFORMATION_FORMAT = "dwarf-with-dsym";
				ENABLE_NS_ASSERTIONS = NO;
				ENABLE_STRICT_OBJC_MSGSEND = YES;
				GCC_C_LANGUAGE_STANDARD = gnu99;
				GCC_NO_COMMON_BLOCKS = YES;
				GCC_WARN_64_TO_32_BIT_CONVERSION = YES;
				GCC_WARN_ABOUT_RETURN_TYPE = YES_ERROR;
				GCC_WARN_UNDECLARED_SELECTOR = YES;
				GCC_WARN_UNINITIALIZED_AUTOS = YES_AGGRESSIVE;
				GCC_WARN_UNUSED_FUNCTION = YES;
				GCC_WARN_UNUSED_VARIABLE = YES;
				IPHONEOS_DEPLOYMENT_TARGET = 9.3;
				MTL_ENABLE_DEBUG_INFO = NO;
				SDKROOT = iphoneos;
				TARGETED_DEVICE_FAMILY = "1,2";
				VALIDATE_PRODUCT = YES;
			};
			name = Release;
		};
		856FF0AC1E4CDBE70071F21C /* Debug */ = {
			isa = XCBuildConfiguration;
			buildSettings = {
				ASSETCATALOG_COMPILER_APPICON_NAME = AppIcon;
				INFOPLIST_FILE = "Diminutas Historias/Info.plist";
				LD_RUNPATH_SEARCH_PATHS = "$(inherited) @executable_path/Frameworks";
				PRODUCT_BUNDLE_IDENTIFIER = "com.ulsa.Diminutas-Historias";
				PRODUCT_NAME = "$(TARGET_NAME)";
			};
			name = Debug;
		};
		856FF0AD1E4CDBE70071F21C /* Release */ = {
			isa = XCBuildConfiguration;
			buildSettings = {
				ASSETCATALOG_COMPILER_APPICON_NAME = AppIcon;
				INFOPLIST_FILE = "Diminutas Historias/Info.plist";
				LD_RUNPATH_SEARCH_PATHS = "$(inherited) @executable_path/Frameworks";
				PRODUCT_BUNDLE_IDENTIFIER = "com.ulsa.Diminutas-Historias";
				PRODUCT_NAME = "$(TARGET_NAME)";
			};
			name = Release;
		};
		856FF0AF1E4CDBE70071F21C /* Debug */ = {
			isa = XCBuildConfiguration;
			buildSettings = {
				BUNDLE_LOADER = "$(TEST_HOST)";
				INFOPLIST_FILE = "Diminutas HistoriasTests/Info.plist";
				LD_RUNPATH_SEARCH_PATHS = "$(inherited) @executable_path/Frameworks @loader_path/Frameworks";
				PRODUCT_BUNDLE_IDENTIFIER = "com.ulsa.Diminutas-HistoriasTests";
				PRODUCT_NAME = "$(TARGET_NAME)";
				TEST_HOST = "$(BUILT_PRODUCTS_DIR)/Diminutas Historias.app/Diminutas Historias";
			};
			name = Debug;
		};
		856FF0B01E4CDBE70071F21C /* Release */ = {
			isa = XCBuildConfiguration;
			buildSettings = {
				BUNDLE_LOADER = "$(TEST_HOST)";
				INFOPLIST_FILE = "Diminutas HistoriasTests/Info.plist";
				LD_RUNPATH_SEARCH_PATHS = "$(inherited) @executable_path/Frameworks @loader_path/Frameworks";
				PRODUCT_BUNDLE_IDENTIFIER = "com.ulsa.Diminutas-HistoriasTests";
				PRODUCT_NAME = "$(TARGET_NAME)";
				TEST_HOST = "$(BUILT_PRODUCTS_DIR)/Diminutas Historias.app/Diminutas Historias";
			};
			name = Release;
		};
		856FF0B21E4CDBE70071F21C /* Debug */ = {
			isa = XCBuildConfiguration;
			buildSettings = {
				INFOPLIST_FILE = "Diminutas HistoriasUITests/Info.plist";
				LD_RUNPATH_SEARCH_PATHS = "$(inherited) @executable_path/Frameworks @loader_path/Frameworks";
				PRODUCT_BUNDLE_IDENTIFIER = "com.ulsa.Diminutas-HistoriasUITests";
				PRODUCT_NAME = "$(TARGET_NAME)";
				TEST_TARGET_NAME = "Diminutas Historias";
			};
			name = Debug;
		};
		856FF0B31E4CDBE70071F21C /* Release */ = {
			isa = XCBuildConfiguration;
			buildSettings = {
				INFOPLIST_FILE = "Diminutas HistoriasUITests/Info.plist";
				LD_RUNPATH_SEARCH_PATHS = "$(inherited) @executable_path/Frameworks @loader_path/Frameworks";
				PRODUCT_BUNDLE_IDENTIFIER = "com.ulsa.Diminutas-HistoriasUITests";
				PRODUCT_NAME = "$(TARGET_NAME)";
				TEST_TARGET_NAME = "Diminutas Historias";
			};
			name = Release;
		};
/* End XCBuildConfiguration section */

/* Begin XCConfigurationList section */
		856FF07E1E4CDBE70071F21C /* Build configuration list for PBXProject "Diminutas Historias" */ = {
			isa = XCConfigurationList;
			buildConfigurations = (
				856FF0A91E4CDBE70071F21C /* Debug */,
				856FF0AA1E4CDBE70071F21C /* Release */,
			);
			defaultConfigurationIsVisible = 0;
			defaultConfigurationName = Release;
		};
		856FF0AB1E4CDBE70071F21C /* Build configuration list for PBXNativeTarget "Diminutas Historias" */ = {
			isa = XCConfigurationList;
			buildConfigurations = (
				856FF0AC1E4CDBE70071F21C /* Debug */,
				856FF0AD1E4CDBE70071F21C /* Release */,
			);
			defaultConfigurationIsVisible = 0;
			defaultConfigurationName = Release;
		};
		856FF0AE1E4CDBE70071F21C /* Build configuration list for PBXNativeTarget "Diminutas HistoriasTests" */ = {
			isa = XCConfigurationList;
			buildConfigurations = (
				856FF0AF1E4CDBE70071F21C /* Debug */,
				856FF0B01E4CDBE70071F21C /* Release */,
			);
			defaultConfigurationIsVisible = 0;
			defaultConfigurationName = Release;
		};
		856FF0B11E4CDBE70071F21C /* Build configuration list for PBXNativeTarget "Diminutas HistoriasUITests" */ = {
			isa = XCConfigurationList;
			buildConfigurations = (
				856FF0B21E4CDBE70071F21C /* Debug */,
				856FF0B31E4CDBE70071F21C /* Release */,
			);
			defaultConfigurationIsVisible = 0;
			defaultConfigurationName = Release;
		};
/* End XCConfigurationList section */
	};
	rootObject = 856FF07B1E4CDBE70071F21C /* Project object */;
}
